
Microsoft Visual Studio Solution File, Format Version 12.00
# Visual Studio Version 17
VisualStudioVersion = 17.8.34408.163
MinimumVisualStudioVersion = 10.0.40219.1
Project("{FAE04EC0-301F-11D3-BF4B-00C04F79EFBC}") = "q5", "q5\q5.csproj", "{CCB971BF-5661-4C78-9E96-34DFF44FCEC6}"
EndProject
Global
	GlobalSection(SolutionConfigurationPlatforms) = preSolution
		Debug|Any CPU = Debug|Any CPU
		Release|Any CPU = Release|Any CPU
	EndGlobalSection
	GlobalSection(ProjectConfigurationPlatforms) = postSolution
		{CCB971BF-5661-4C78-9E96-34DFF44FCEC6}.Debug|Any CPU.ActiveCfg = Debug|Any CPU
		{CCB971BF-5661-4C78-9E96-34DFF44FCEC6}.Debug|Any CPU.Build.0 = Debug|Any CPU
		{CCB971BF-5661-4C78-9E96-34DFF44FCEC6}.Release|Any CPU.ActiveCfg = Release|Any CPU
		{CCB971BF-5661-4C78-9E96-34DFF44FCEC6}.Release|Any CPU.Build.0 = Release|Any CPU
	EndGlobalSection
	GlobalSection(SolutionProperties) = preSolution
		HideSolutionNode = FALSE
	EndGlobalSection
	GlobalSection(ExtensibilityGlobals) = postSolution
		SolutionGuid = {935277A3-BD26-4EA0-B552-CA38E215907C}
	EndGlobalSection
EndGlobal
